
Microsoft Visual Studio Solution File, Format Version 12.00
# Visual Studio 15
Project("{FAE04EC0-301F-11D3-BF4B-00C04F79EFBC}") = "Assembly-CSharp", "Assembly-CSharp.csproj", "{A459A43B-64DC-6121-F1AA-9065BE73926D}"
EndProject
Global
	GlobalSection(SolutionConfigurationPlatforms) = preSolution
		Debug|Any CPU = Debug|Any CPU
		Release|Any CPU = Release|Any CPU
	EndGlobalSection
	GlobalSection(ProjectConfigurationPlatforms) = postSolution
		{A459A43B-64DC-6121-F1AA-9065BE73926D}.Debug|Any CPU.ActiveCfg = Debug|Any CPU
		{A459A43B-64DC-6121-F1AA-9065BE73926D}.Debug|Any CPU.Build.0 = Debug|Any CPU
		{A459A43B-64DC-6121-F1AA-9065BE73926D}.Release|Any CPU.ActiveCfg = Release|Any CPU
		{A459A43B-64DC-6121-F1AA-9065BE73926D}.Release|Any CPU.Build.0 = Release|Any CPU
	EndGlobalSection
	GlobalSection(SolutionProperties) = preSolution
		HideSolutionNode = FALSE
	EndGlobalSection
EndGlobal
